
Microsoft Visual Studio Solution File, Format Version 12.00
# Visual Studio 15
VisualStudioVersion = 15.0.27428.2037
MinimumVisualStudioVersion = 10.0.40219.1
Project("{FAE04EC0-301F-11D3-BF4B-00C04F79EFBC}") = "Archive Reader", "EepromVisualAccess\Archive Reader.csproj", "{DCB378BA-EA01-42F7-B862-C2D3884CD344}"
EndProject
Global
	GlobalSection(SolutionConfigurationPlatforms) = preSolution
		Debug|Any CPU = Debug|Any CPU
		Release|Any CPU = Release|Any CPU
	EndGlobalSection
	GlobalSection(ProjectConfigurationPlatforms) = postSolution
		{DCB378BA-EA01-42F7-B862-C2D3884CD344}.Debug|Any CPU.ActiveCfg = Debug|Any CPU
		{DCB378BA-EA01-42F7-B862-C2D3884CD344}.Debug|Any CPU.Build.0 = Debug|Any CPU
		{DCB378BA-EA01-42F7-B862-C2D3884CD344}.Release|Any CPU.ActiveCfg = Release|Any CPU
		{DCB378BA-EA01-42F7-B862-C2D3884CD344}.Release|Any CPU.Build.0 = Release|Any CPU
	EndGlobalSection
	GlobalSection(SolutionProperties) = preSolution
		HideSolutionNode = FALSE
	EndGlobalSection
	GlobalSection(ExtensibilityGlobals) = postSolution
		SolutionGuid = {BFC81B53-ADA4-4688-B5DD-AFB5949C7E1D}
	EndGlobalSection
EndGlobal
